{
  "name": "toot",
  "version": "1.6.0",
  "lockfileVersion": 2,
  "requires": true,
  "packages": {
    "": {
      "name": "toot",
      "version": "1.6.0",
      "license": "Apache-2.0",
      "dependencies": {
        "mastodonclient": "1.1.5"
      },
      "bin": {
        "toot": "bin/toot.bin.js"
      },
      "engines": {
        "node": ">=18.0.0"
      }
    },
    "node_modules/mastodonclient": {
      "version": "1.1.5",
      "resolved": "https://registry.npmjs.org/mastodonclient/-/mastodonclient-1.1.5.tgz",
      "integrity": "sha512-uHDilmxxPGAo/PF4zbKLOL5lBhMlw5kbz04L9t3cs4yyRhsmQ8GIQe9lRGKqZ3AR/5qGIGhkhoL+57wii7LW5Q==",
      "dependencies": {
        "oauth": "^0.10.0"
      },
      "engines": {
        "node": ">=18.0.0"
      }
    },
    "node_modules/mastodonclient/node_modules/oauth": {
      "version": "0.10.0",
      "resolved": "https://registry.npmjs.org/oauth/-/oauth-0.10.0.tgz",
      "integrity": "sha512-1orQ9MT1vHFGQxhuy7E/0gECD3fd2fCC+PIX+/jgmU/gI3EpRocXtmtvxCO5x3WZ443FLTLFWNDjl5MPJf9u+Q=="
    }
  },
  "dependencies": {
    "mastodonclient": {
      "version": "1.1.5",
      "resolved": "https://registry.npmjs.org/mastodonclient/-/mastodonclient-1.1.5.tgz",
      "integrity": "sha512-uHDilmxxPGAo/PF4zbKLOL5lBhMlw5kbz04L9t3cs4yyRhsmQ8GIQe9lRGKqZ3AR/5qGIGhkhoL+57wii7LW5Q==",
      "requires": {
        "oauth": "^0.10.0"
      },
      "dependencies": {
        "oauth": {
          "version": "0.10.0",
          "resolved": "https://registry.npmjs.org/oauth/-/oauth-0.10.0.tgz",
          "integrity": "sha512-1orQ9MT1vHFGQxhuy7E/0gECD3fd2fCC+PIX+/jgmU/gI3EpRocXtmtvxCO5x3WZ443FLTLFWNDjl5MPJf9u+Q=="
        }
      }
    }
  }
}
